
Microsoft Visual Studio Solution File, Format Version 12.00
# Visual Studio 14
VisualStudioVersion = 14.0.25420.1
MinimumVisualStudioVersion = 10.0.40219.1
Project("{8BB2217D-0F2D-49D1-97BC-3654ED321F3B}") = "DayPrinter", "DayPrinter\DayPrinter.xproj", "{B3E76AAA-3BE8-49C7-A831-64EF68C6F28D}"
EndProject
Project("{8BB2217D-0F2D-49D1-97BC-3654ED321F3B}") = "ElseIf", "ElseIf\ElseIf.xproj", "{C7008ACC-EE4B-49CC-B7FB-5F9F95E257A9}"
EndProject
Project("{8BB2217D-0F2D-49D1-97BC-3654ED321F3B}") = "TempConv", "TempConv\TempConv.xproj", "{6D18F93D-E26F-4FF4-ABF2-1450FD9FB19D}"
EndProject
Project("{8BB2217D-0F2D-49D1-97BC-3654ED321F3B}") = "HelloMethods", "HelloMethods\HelloMethods.xproj", "{9B69E0D2-FBD5-4FB4-9D40-768AE4F57300}"
EndProject
Project("{8BB2217D-0F2D-49D1-97BC-3654ED321F3B}") = "Gradebook", "Gradebook\Gradebook.xproj", "{9E08496B-2501-4CBF-844F-8FD7BA97F4E6}"
EndProject
Project("{8BB2217D-0F2D-49D1-97BC-3654ED321F3B}") = "GradebookDict", "GradebookDict\GradebookDict.xproj", "{EFCB1B91-2E92-478F-BFF7-013FF6911DCC}"
EndProject
Project("{8BB2217D-0F2D-49D1-97BC-3654ED321F3B}") = "GradebookArray", "GradebookArray\GradebookArray.xproj", "{89051A0E-8D18-48C3-B4E6-D05F62D252CE}"
EndProject
Project("{8BB2217D-0F2D-49D1-97BC-3654ED321F3B}") = "HelloWorld", "HelloWorld\HelloWorld.xproj", "{5F3159C3-3A84-4A40-A7B1-8FEDBC83D9C1}"
EndProject
Project("{8BB2217D-0F2D-49D1-97BC-3654ED321F3B}") = "HelloYou", "HelloYou\HelloYou.xproj", "{25EEDBD4-A226-4925-BCE9-B5590D89E045}"
EndProject
Project("{8BB2217D-0F2D-49D1-97BC-3654ED321F3B}") = "RectangleArea", "RectangleArea\RectangleArea.xproj", "{FB3336FE-A2DD-48B1-8BC3-A8E7E2F4E909}"
EndProject
Project("{8BB2217D-0F2D-49D1-97BC-3654ED321F3B}") = "MilesPerGallon", "MilesPerGallon\MilesPerGallon.xproj", "{2FBC9BF1-5D7C-4D60-B451-076364955CFA}"
EndProject
Project("{8BB2217D-0F2D-49D1-97BC-3654ED321F3B}") = "LookForAlice", "LookForAlice\LookForAlice.xproj", "{5C23FE68-6FB4-42F2-BAC2-BDCBA544DE0F}"
EndProject
Project("{8BB2217D-0F2D-49D1-97BC-3654ED321F3B}") = "Area", "Area\Area.xproj", "{B8CDE2C1-5F0D-43CA-9D04-9B064EE21321}"
EndProject
Project("{8BB2217D-0F2D-49D1-97BC-3654ED321F3B}") = "SumOfEvensArray32", "SumOfEvensArray32\SumOfEvensArray32.xproj", "{7DE6B0EF-A158-4467-9F6B-75B2921F80BA}"
EndProject
Project("{8BB2217D-0F2D-49D1-97BC-3654ED321F3B}") = "FiveLetterWords", "FiveLetterWords\FiveLetterWords.xproj", "{A55FE719-E7AB-4B06-82E0-F92BBCAED1A3}"
EndProject
Project("{8BB2217D-0F2D-49D1-97BC-3654ED321F3B}") = "IntegerArray", "IntegerArray\IntegerArray.xproj", "{D5EAC690-DF34-4598-AF57-7D45BA8E19C3}"
EndProject
Project("{8BB2217D-0F2D-49D1-97BC-3654ED321F3B}") = "GradeBook32", "GradeBook32\GradeBook32.xproj", "{10B839C7-B45A-4516-AF90-FE1EAF5CD39E}"
EndProject
Project("{8BB2217D-0F2D-49D1-97BC-3654ED321F3B}") = "studio32", "studio32\studio32.xproj", "{11400952-3C2F-406D-91A9-5459F9C5ED0A}"
EndProject
Global
	GlobalSection(SolutionConfigurationPlatforms) = preSolution
		Debug|Any CPU = Debug|Any CPU
		Release|Any CPU = Release|Any CPU
	EndGlobalSection
	GlobalSection(ProjectConfigurationPlatforms) = postSolution
		{B3E76AAA-3BE8-49C7-A831-64EF68C6F28D}.Debug|Any CPU.ActiveCfg = Debug|Any CPU
		{B3E76AAA-3BE8-49C7-A831-64EF68C6F28D}.Debug|Any CPU.Build.0 = Debug|Any CPU
		{B3E76AAA-3BE8-49C7-A831-64EF68C6F28D}.Release|Any CPU.ActiveCfg = Release|Any CPU
		{B3E76AAA-3BE8-49C7-A831-64EF68C6F28D}.Release|Any CPU.Build.0 = Release|Any CPU
		{C7008ACC-EE4B-49CC-B7FB-5F9F95E257A9}.Debug|Any CPU.ActiveCfg = Debug|Any CPU
		{C7008ACC-EE4B-49CC-B7FB-5F9F95E257A9}.Debug|Any CPU.Build.0 = Debug|Any CPU
		{C7008ACC-EE4B-49CC-B7FB-5F9F95E257A9}.Release|Any CPU.ActiveCfg = Release|Any CPU
		{C7008ACC-EE4B-49CC-B7FB-5F9F95E257A9}.Release|Any CPU.Build.0 = Release|Any CPU
		{6D18F93D-E26F-4FF4-ABF2-1450FD9FB19D}.Debug|Any CPU.ActiveCfg = Debug|Any CPU
		{6D18F93D-E26F-4FF4-ABF2-1450FD9FB19D}.Debug|Any CPU.Build.0 = Debug|Any CPU
		{6D18F93D-E26F-4FF4-ABF2-1450FD9FB19D}.Release|Any CPU.ActiveCfg = Release|Any CPU
		{6D18F93D-E26F-4FF4-ABF2-1450FD9FB19D}.Release|Any CPU.Build.0 = Release|Any CPU
		{9B69E0D2-FBD5-4FB4-9D40-768AE4F57300}.Debug|Any CPU.ActiveCfg = Debug|Any CPU
		{9B69E0D2-FBD5-4FB4-9D40-768AE4F57300}.Debug|Any CPU.Build.0 = Debug|Any CPU
		{9B69E0D2-FBD5-4FB4-9D40-768AE4F57300}.Release|Any CPU.ActiveCfg = Release|Any CPU
		{9B69E0D2-FBD5-4FB4-9D40-768AE4F57300}.Release|Any CPU.Build.0 = Release|Any CPU
		{9E08496B-2501-4CBF-844F-8FD7BA97F4E6}.Debug|Any CPU.ActiveCfg = Debug|Any CPU
		{9E08496B-2501-4CBF-844F-8FD7BA97F4E6}.Debug|Any CPU.Build.0 = Debug|Any CPU
		{9E08496B-2501-4CBF-844F-8FD7BA97F4E6}.Release|Any CPU.ActiveCfg = Release|Any CPU
		{9E08496B-2501-4CBF-844F-8FD7BA97F4E6}.Release|Any CPU.Build.0 = Release|Any CPU
		{EFCB1B91-2E92-478F-BFF7-013FF6911DCC}.Debug|Any CPU.ActiveCfg = Debug|Any CPU
		{EFCB1B91-2E92-478F-BFF7-013FF6911DCC}.Debug|Any CPU.Build.0 = Debug|Any CPU
		{EFCB1B91-2E92-478F-BFF7-013FF6911DCC}.Release|Any CPU.ActiveCfg = Release|Any CPU
		{EFCB1B91-2E92-478F-BFF7-013FF6911DCC}.Release|Any CPU.Build.0 = Release|Any CPU
		{89051A0E-8D18-48C3-B4E6-D05F62D252CE}.Debug|Any CPU.ActiveCfg = Debug|Any CPU
		{89051A0E-8D18-48C3-B4E6-D05F62D252CE}.Debug|Any CPU.Build.0 = Debug|Any CPU
		{89051A0E-8D18-48C3-B4E6-D05F62D252CE}.Release|Any CPU.ActiveCfg = Release|Any CPU
		{89051A0E-8D18-48C3-B4E6-D05F62D252CE}.Release|Any CPU.Build.0 = Release|Any CPU
		{5F3159C3-3A84-4A40-A7B1-8FEDBC83D9C1}.Debug|Any CPU.ActiveCfg = Debug|Any CPU
		{5F3159C3-3A84-4A40-A7B1-8FEDBC83D9C1}.Debug|Any CPU.Build.0 = Debug|Any CPU
		{5F3159C3-3A84-4A40-A7B1-8FEDBC83D9C1}.Release|Any CPU.ActiveCfg = Release|Any CPU
		{5F3159C3-3A84-4A40-A7B1-8FEDBC83D9C1}.Release|Any CPU.Build.0 = Release|Any CPU
		{25EEDBD4-A226-4925-BCE9-B5590D89E045}.Debug|Any CPU.ActiveCfg = Debug|Any CPU
		{25EEDBD4-A226-4925-BCE9-B5590D89E045}.Debug|Any CPU.Build.0 = Debug|Any CPU
		{25EEDBD4-A226-4925-BCE9-B5590D89E045}.Release|Any CPU.ActiveCfg = Release|Any CPU
		{25EEDBD4-A226-4925-BCE9-B5590D89E045}.Release|Any CPU.Build.0 = Release|Any CPU
		{FB3336FE-A2DD-48B1-8BC3-A8E7E2F4E909}.Debug|Any CPU.ActiveCfg = Debug|Any CPU
		{FB3336FE-A2DD-48B1-8BC3-A8E7E2F4E909}.Debug|Any CPU.Build.0 = Debug|Any CPU
		{FB3336FE-A2DD-48B1-8BC3-A8E7E2F4E909}.Release|Any CPU.ActiveCfg = Release|Any CPU
		{FB3336FE-A2DD-48B1-8BC3-A8E7E2F4E909}.Release|Any CPU.Build.0 = Release|Any CPU
		{2FBC9BF1-5D7C-4D60-B451-076364955CFA}.Debug|Any CPU.ActiveCfg = Debug|Any CPU
		{2FBC9BF1-5D7C-4D60-B451-076364955CFA}.Debug|Any CPU.Build.0 = Debug|Any CPU
		{2FBC9BF1-5D7C-4D60-B451-076364955CFA}.Release|Any CPU.ActiveCfg = Release|Any CPU
		{2FBC9BF1-5D7C-4D60-B451-076364955CFA}.Release|Any CPU.Build.0 = Release|Any CPU
		{5C23FE68-6FB4-42F2-BAC2-BDCBA544DE0F}.Debug|Any CPU.ActiveCfg = Debug|Any CPU
		{5C23FE68-6FB4-42F2-BAC2-BDCBA544DE0F}.Debug|Any CPU.Build.0 = Debug|Any CPU
		{5C23FE68-6FB4-42F2-BAC2-BDCBA544DE0F}.Release|Any CPU.ActiveCfg = Release|Any CPU
		{5C23FE68-6FB4-42F2-BAC2-BDCBA544DE0F}.Release|Any CPU.Build.0 = Release|Any CPU
		{B8CDE2C1-5F0D-43CA-9D04-9B064EE21321}.Debug|Any CPU.ActiveCfg = Debug|Any CPU
		{B8CDE2C1-5F0D-43CA-9D04-9B064EE21321}.Debug|Any CPU.Build.0 = Debug|Any CPU
		{B8CDE2C1-5F0D-43CA-9D04-9B064EE21321}.Release|Any CPU.ActiveCfg = Release|Any CPU
		{B8CDE2C1-5F0D-43CA-9D04-9B064EE21321}.Release|Any CPU.Build.0 = Release|Any CPU
		{7DE6B0EF-A158-4467-9F6B-75B2921F80BA}.Debug|Any CPU.ActiveCfg = Debug|Any CPU
		{7DE6B0EF-A158-4467-9F6B-75B2921F80BA}.Debug|Any CPU.Build.0 = Debug|Any CPU
		{7DE6B0EF-A158-4467-9F6B-75B2921F80BA}.Release|Any CPU.ActiveCfg = Release|Any CPU
		{7DE6B0EF-A158-4467-9F6B-75B2921F80BA}.Release|Any CPU.Build.0 = Release|Any CPU
		{A55FE719-E7AB-4B06-82E0-F92BBCAED1A3}.Debug|Any CPU.ActiveCfg = Debug|Any CPU
		{A55FE719-E7AB-4B06-82E0-F92BBCAED1A3}.Debug|Any CPU.Build.0 = Debug|Any CPU
		{A55FE719-E7AB-4B06-82E0-F92BBCAED1A3}.Release|Any CPU.ActiveCfg = Release|Any CPU
		{A55FE719-E7AB-4B06-82E0-F92BBCAED1A3}.Release|Any CPU.Build.0 = Release|Any CPU
		{D5EAC690-DF34-4598-AF57-7D45BA8E19C3}.Debug|Any CPU.ActiveCfg = Debug|Any CPU
		{D5EAC690-DF34-4598-AF57-7D45BA8E19C3}.Debug|Any CPU.Build.0 = Debug|Any CPU
		{D5EAC690-DF34-4598-AF57-7D45BA8E19C3}.Release|Any CPU.ActiveCfg = Release|Any CPU
		{D5EAC690-DF34-4598-AF57-7D45BA8E19C3}.Release|Any CPU.Build.0 = Release|Any CPU
		{10B839C7-B45A-4516-AF90-FE1EAF5CD39E}.Debug|Any CPU.ActiveCfg = Debug|Any CPU
		{10B839C7-B45A-4516-AF90-FE1EAF5CD39E}.Debug|Any CPU.Build.0 = Debug|Any CPU
		{10B839C7-B45A-4516-AF90-FE1EAF5CD39E}.Release|Any CPU.ActiveCfg = Release|Any CPU
		{10B839C7-B45A-4516-AF90-FE1EAF5CD39E}.Release|Any CPU.Build.0 = Release|Any CPU
		{11400952-3C2F-406D-91A9-5459F9C5ED0A}.Debug|Any CPU.ActiveCfg = Debug|Any CPU
		{11400952-3C2F-406D-91A9-5459F9C5ED0A}.Debug|Any CPU.Build.0 = Debug|Any CPU
		{11400952-3C2F-406D-91A9-5459F9C5ED0A}.Release|Any CPU.ActiveCfg = Release|Any CPU
		{11400952-3C2F-406D-91A9-5459F9C5ED0A}.Release|Any CPU.Build.0 = Release|Any CPU
	EndGlobalSection
	GlobalSection(SolutionProperties) = preSolution
		HideSolutionNode = FALSE
	EndGlobalSection
EndGlobal
